// !$*UTF8*$!
{
	archiveVersion = 1;
	classes = {
	};
	objectVersion = 46;
	objects = {

/* Begin PBXBuildFile section */
		242510BE169D6F0600BAA861 /* DCTChromeActivity.h in CopyFiles */ = {isa = PBXBuildFile; fileRef = 242510BD169D6F0600BAA861 /* DCTChromeActivity.h */; };
		242510C0169D6F0600BAA861 /* DCTChromeActivity.m in Sources */ = {isa = PBXBuildFile; fileRef = 242510BF169D6F0600BAA861 /* DCTChromeActivity.m */; };
		242510DB169D706A00BAA861 /* DCTChromeActivity~ipad.png in Resources */ = {isa = PBXBuildFile; fileRef = 242510D9169D706A00BAA861 /* DCTChromeActivity~ipad.png */; };
		242510DC169D706A00BAA861 /* DCTChromeActivity~ipad@2x.png in Resources */ = {isa = PBXBuildFile; fileRef = 242510DA169D706A00BAA861 /* DCTChromeActivity~ipad@2x.png */; };
		242510F3169D723E00BAA861 /* main.m in Sources */ = {isa = PBXBuildFile; fileRef = 242510F2169D723E00BAA861 /* main.m */; };
		242510F7169D723E00BAA861 /* AppDelegate.m in Sources */ = {isa = PBXBuildFile; fileRef = 242510F6169D723E00BAA861 /* AppDelegate.m */; };
		24251104169D725B00BAA861 /* ViewController.m in Sources */ = {isa = PBXBuildFile; fileRef = 24251102169D725B00BAA861 /* ViewController.m */; };
		24251105169D725B00BAA861 /* ViewController.xib in Resources */ = {isa = PBXBuildFile; fileRef = 24251103169D725B00BAA861 /* ViewController.xib */; };
		2425110A169D764300BAA861 /* DCTChromeActivity.png in Resources */ = {isa = PBXBuildFile; fileRef = 24251108169D764300BAA861 /* DCTChromeActivity.png */; };
		2425110B169D764300BAA861 /* DCTChromeActivity@2x.png in Resources */ = {isa = PBXBuildFile; fileRef = 24251109169D764300BAA861 /* DCTChromeActivity@2x.png */; };
		24251110169D7EBA00BAA861 /* Localizable.strings in Resources */ = {isa = PBXBuildFile; fileRef = 24251112169D7EBA00BAA861 /* Localizable.strings */; };
		242BEFB019A906540063F2F2 /* DCTChromeActivity.m in Sources */ = {isa = PBXBuildFile; fileRef = 242510BF169D6F0600BAA861 /* DCTChromeActivity.m */; };
		242BEFB119A906590063F2F2 /* DCTChromeActivity.h in Headers */ = {isa = PBXBuildFile; fileRef = 242510BD169D6F0600BAA861 /* DCTChromeActivity.h */; settings = {ATTRIBUTES = (Public, ); }; };
		242BEFB219A906620063F2F2 /* DCTChromeActivity.png in Resources */ = {isa = PBXBuildFile; fileRef = 24251108169D764300BAA861 /* DCTChromeActivity.png */; };
		242BEFB319A906620063F2F2 /* DCTChromeActivity@2x.png in Resources */ = {isa = PBXBuildFile; fileRef = 24251109169D764300BAA861 /* DCTChromeActivity@2x.png */; };
		242BEFB419A906620063F2F2 /* DCTChromeActivity~ipad.png in Resources */ = {isa = PBXBuildFile; fileRef = 242510D9169D706A00BAA861 /* DCTChromeActivity~ipad.png */; };
		242BEFB519A906620063F2F2 /* DCTChromeActivity~ipad@2x.png in Resources */ = {isa = PBXBuildFile; fileRef = 242510DA169D706A00BAA861 /* DCTChromeActivity~ipad@2x.png */; };
		242BEFB619A906620063F2F2 /* Localizable.strings in Resources */ = {isa = PBXBuildFile; fileRef = 24251112169D7EBA00BAA861 /* Localizable.strings */; };
		242BEFB819A9070C0063F2F2 /* DCTChromeActivity.framework in Embed Frameworks */ = {isa = PBXBuildFile; fileRef = 242BEF9619A903CE0063F2F2 /* DCTChromeActivity.framework */; settings = {ATTRIBUTES = (CodeSignOnCopy, RemoveHeadersOnCopy, ); }; };
/* End PBXBuildFile section */

/* Begin PBXContainerItemProxy section */
		242510D7169D6F5800BAA861 /* PBXContainerItemProxy */ = {
			isa = PBXContainerItemProxy;
			containerPortal = 242510AC169D6F0600BAA861 /* Project object */;
			proxyType = 1;
			remoteGlobalIDString = 242510C9169D6F2500BAA861;
			remoteInfo = DCTSafariActivityBundle;
		};
		242BEFB919A9070C0063F2F2 /* PBXContainerItemProxy */ = {
			isa = PBXContainerItemProxy;
			containerPortal = 242510AC169D6F0600BAA861 /* Project object */;
			proxyType = 1;
			remoteGlobalIDString = 242BEF9519A903CE0063F2F2;
			remoteInfo = "DCTChromeActivity iOS";
		};
/* End PBXContainerItemProxy section */

/* Begin PBXCopyFilesBuildPhase section */
		242510B3169D6F0600BAA861 /* CopyFiles */ = {
			isa = PBXCopyFilesBuildPhase;
			buildActionMask = 2147483647;
			dstPath = "include/${PRODUCT_NAME}";
			dstSubfolderSpec = 16;
			files = (
				242510BE169D6F0600BAA861 /* DCTChromeActivity.h in CopyFiles */,
			);
			runOnlyForDeploymentPostprocessing = 0;
		};
		242BEFBB19A9070C0063F2F2 /* Embed Frameworks */ = {
			isa = PBXCopyFilesBuildPhase;
			buildActionMask = 2147483647;
			dstPath = "";
			dstSubfolderSpec = 10;
			files = (
				242BEFB819A9070C0063F2F2 /* DCTChromeActivity.framework in Embed Frameworks */,
			);
			name = "Embed Frameworks";
			runOnlyForDeploymentPostprocessing = 0;
		};
/* End PBXCopyFilesBuildPhase section */

/* Begin PBXFileReference section */
		242510B5169D6F0600BAA861 /* libDCTChromeActivity.a */ = {isa = PBXFileReference; explicitFileType = archive.ar; includeInIndex = 0; path = libDCTChromeActivity.a; sourceTree = BUILT_PRODUCTS_DIR; };
		242510BD169D6F0600BAA861 /* DCTChromeActivity.h */ = {isa = PBXFileReference; lastKnownFileType = sourcecode.c.h; path = DCTChromeActivity.h; sourceTree = "<group>"; };
		242510BF169D6F0600BAA861 /* DCTChromeActivity.m */ = {isa = PBXFileReference; lastKnownFileType = sourcecode.c.objc; path = DCTChromeActivity.m; sourceTree = "<group>"; };
		242510CA169D6F2500BAA861 /* DCTChromeActivity.bundle */ = {isa = PBXFileReference; explicitFileType = wrapper.cfbundle; includeInIndex = 0; path = DCTChromeActivity.bundle; sourceTree = BUILT_PRODUCTS_DIR; };
		242510CF169D6F2500BAA861 /* Info.plist */ = {isa = PBXFileReference; lastKnownFileType = text.plist.xml; path = Info.plist; sourceTree = "<group>"; };
		242510D9169D706A00BAA861 /* DCTChromeActivity~ipad.png */ = {isa = PBXFileReference; lastKnownFileType = image.png; path = "DCTChromeActivity~ipad.png"; sourceTree = "<group>"; };
		242510DA169D706A00BAA861 /* DCTChromeActivity~ipad@2x.png */ = {isa = PBXFileReference; lastKnownFileType = image.png; path = "DCTChromeActivity~ipad@2x.png"; sourceTree = "<group>"; };
		242510E5169D723E00BAA861 /* DCTChromeActivity Demo.app */ = {isa = PBXFileReference; explicitFileType = wrapper.application; includeInIndex = 0; path = "DCTChromeActivity Demo.app"; sourceTree = BUILT_PRODUCTS_DIR; };
		242510EE169D723E00BAA861 /* Info.plist */ = {isa = PBXFileReference; lastKnownFileType = text.plist.xml; path = Info.plist; sourceTree = "<group>"; };
		242510F2169D723E00BAA861 /* main.m */ = {isa = PBXFileReference; lastKnownFileType = sourcecode.c.objc; path = main.m; sourceTree = "<group>"; };
		242510F5169D723E00BAA861 /* AppDelegate.h */ = {isa = PBXFileReference; lastKnownFileType = sourcecode.c.h; path = AppDelegate.h; sourceTree = "<group>"; };
		242510F6169D723E00BAA861 /* AppDelegate.m */ = {isa = PBXFileReference; lastKnownFileType = sourcecode.c.objc; path = AppDelegate.m; sourceTree = "<group>"; };
		24251101169D725B00BAA861 /* ViewController.h */ = {isa = PBXFileReference; fileEncoding = 4; lastKnownFileType = sourcecode.c.h; path = ViewController.h; sourceTree = "<group>"; };
		24251102169D725B00BAA861 /* ViewController.m */ = {isa = PBXFileReference; fileEncoding = 4; lastKnownFileType = sourcecode.c.objc; path = ViewController.m; sourceTree = "<group>"; };
		24251103169D725B00BAA861 /* ViewController.xib */ = {isa = PBXFileReference; fileEncoding = 4; lastKnownFileType = file.xib; path = ViewController.xib; sourceTree = "<group>"; };
		24251108169D764300BAA861 /* DCTChromeActivity.png */ = {isa = PBXFileReference; lastKnownFileType = image.png; path = DCTChromeActivity.png; sourceTree = "<group>"; };
		24251109169D764300BAA861 /* DCTChromeActivity@2x.png */ = {isa = PBXFileReference; lastKnownFileType = image.png; path = "DCTChromeActivity@2x.png"; sourceTree = "<group>"; };
		24251111169D7EBA00BAA861 /* en */ = {isa = PBXFileReference; lastKnownFileType = text.plist.strings; name = en; path = en.lproj/Localizable.strings; sourceTree = "<group>"; };
		242BEF8919A9039E0063F2F2 /* Application.xcconfig */ = {isa = PBXFileReference; lastKnownFileType = text.xcconfig; path = Application.xcconfig; sourceTree = "<group>"; };
		242BEF8A19A9039E0063F2F2 /* Bundle.xcconfig */ = {isa = PBXFileReference; lastKnownFileType = text.xcconfig; path = Bundle.xcconfig; sourceTree = "<group>"; };
		242BEF8B19A9039E0063F2F2 /* Debug.xcconfig */ = {isa = PBXFileReference; lastKnownFileType = text.xcconfig; path = Debug.xcconfig; sourceTree = "<group>"; };
		242BEF8C19A9039E0063F2F2 /* iOS Framework.xcconfig */ = {isa = PBXFileReference; lastKnownFileType = text.xcconfig; path = "iOS Framework.xcconfig"; sourceTree = "<group>"; };
		242BEF8D19A9039E0063F2F2 /* Library.xcconfig */ = {isa = PBXFileReference; lastKnownFileType = text.xcconfig; path = Library.xcconfig; sourceTree = "<group>"; };
		242BEF8E19A9039E0063F2F2 /* Release.xcconfig */ = {isa = PBXFileReference; lastKnownFileType = text.xcconfig; path = Release.xcconfig; sourceTree = "<group>"; };
		242BEF8F19A9039E0063F2F2 /* Shared.xcconfig */ = {isa = PBXFileReference; lastKnownFileType = text.xcconfig; path = Shared.xcconfig; sourceTree = "<group>"; };
		242BEF9019A9039E0063F2F2 /* Tests.xcconfig */ = {isa = PBXFileReference; lastKnownFileType = text.xcconfig; path = Tests.xcconfig; sourceTree = "<group>"; };
		242BEF9619A903CE0063F2F2 /* DCTChromeActivity.framework */ = {isa = PBXFileReference; explicitFileType = wrapper.framework; includeInIndex = 0; path = DCTChromeActivity.framework; sourceTree = BUILT_PRODUCTS_DIR; };
		242BEFAC19A903EF0063F2F2 /* Info.plist */ = {isa = PBXFileReference; lastKnownFileType = text.plist.xml; path = Info.plist; sourceTree = "<group>"; };
/* End PBXFileReference section */

/* Begin PBXFrameworksBuildPhase section */
		242510B2169D6F0600BAA861 /* Frameworks */ = {
			isa = PBXFrameworksBuildPhase;
			buildActionMask = 2147483647;
			files = (
			);
			runOnlyForDeploymentPostprocessing = 0;
		};
		242510C7169D6F2500BAA861 /* Frameworks */ = {
			isa = PBXFrameworksBuildPhase;
			buildActionMask = 2147483647;
			files = (
			);
			runOnlyForDeploymentPostprocessing = 0;
		};
		242510E2169D723E00BAA861 /* Frameworks */ = {
			isa = PBXFrameworksBuildPhase;
			buildActionMask = 2147483647;
			files = (
			);
			runOnlyForDeploymentPostprocessing = 0;
		};
		242BEF9219A903CE0063F2F2 /* Frameworks */ = {
			isa = PBXFrameworksBuildPhase;
			buildActionMask = 2147483647;
			files = (
			);
			runOnlyForDeploymentPostprocessing = 0;
		};
/* End PBXFrameworksBuildPhase section */

/* Begin PBXGroup section */
		242510AA169D6F0600BAA861 = {
			isa = PBXGroup;
			children = (
				242510BA169D6F0600BAA861 /* DCTChromeActivity */,
				242510CD169D6F2500BAA861 /* DCTChromeActivity Bundle */,
				242510EC169D723E00BAA861 /* DCTChromeActivity Demo */,
				242BEF8819A9039E0063F2F2 /* Configurations */,
				242510B6169D6F0600BAA861 /* Products */,
			);
			sourceTree = "<group>";
		};
		242510B6169D6F0600BAA861 /* Products */ = {
			isa = PBXGroup;
			children = (
				242510B5169D6F0600BAA861 /* libDCTChromeActivity.a */,
				242510CA169D6F2500BAA861 /* DCTChromeActivity.bundle */,
				242510E5169D723E00BAA861 /* DCTChromeActivity Demo.app */,
				242BEF9619A903CE0063F2F2 /* DCTChromeActivity.framework */,
			);
			name = Products;
			sourceTree = "<group>";
		};
		242510BA169D6F0600BAA861 /* DCTChromeActivity */ = {
			isa = PBXGroup;
			children = (
				242510BD169D6F0600BAA861 /* DCTChromeActivity.h */,
				242510BF169D6F0600BAA861 /* DCTChromeActivity.m */,
				242BEFAC19A903EF0063F2F2 /* Info.plist */,
			);
			path = DCTChromeActivity;
			sourceTree = "<group>";
		};
		242510CD169D6F2500BAA861 /* DCTChromeActivity Bundle */ = {
			isa = PBXGroup;
			children = (
				24251108169D764300BAA861 /* DCTChromeActivity.png */,
				24251109169D764300BAA861 /* DCTChromeActivity@2x.png */,
				242510D9169D706A00BAA861 /* DCTChromeActivity~ipad.png */,
				242510DA169D706A00BAA861 /* DCTChromeActivity~ipad@2x.png */,
				242510CF169D6F2500BAA861 /* Info.plist */,
				24251112169D7EBA00BAA861 /* Localizable.strings */,
			);
			path = "DCTChromeActivity Bundle";
			sourceTree = "<group>";
		};
		242510EC169D723E00BAA861 /* DCTChromeActivity Demo */ = {
			isa = PBXGroup;
			children = (
				242510F5169D723E00BAA861 /* AppDelegate.h */,
				242510F6169D723E00BAA861 /* AppDelegate.m */,
				24251101169D725B00BAA861 /* ViewController.h */,
				24251102169D725B00BAA861 /* ViewController.m */,
				24251103169D725B00BAA861 /* ViewController.xib */,
				242510EE169D723E00BAA861 /* Info.plist */,
				242510F2169D723E00BAA861 /* main.m */,
			);
			path = "DCTChromeActivity Demo";
			sourceTree = "<group>";
		};
		242BEF8819A9039E0063F2F2 /* Configurations */ = {
			isa = PBXGroup;
			children = (
				242BEF8919A9039E0063F2F2 /* Application.xcconfig */,
				242BEF8A19A9039E0063F2F2 /* Bundle.xcconfig */,
				242BEF8B19A9039E0063F2F2 /* Debug.xcconfig */,
				242BEF8C19A9039E0063F2F2 /* iOS Framework.xcconfig */,
				242BEF8D19A9039E0063F2F2 /* Library.xcconfig */,
				242BEF8E19A9039E0063F2F2 /* Release.xcconfig */,
				242BEF8F19A9039E0063F2F2 /* Shared.xcconfig */,
				242BEF9019A9039E0063F2F2 /* Tests.xcconfig */,
			);
			path = Configurations;
			sourceTree = "<group>";
		};
/* End PBXGroup section */

/* Begin PBXHeadersBuildPhase section */
		242BEF9319A903CE0063F2F2 /* Headers */ = {
			isa = PBXHeadersBuildPhase;
			buildActionMask = 2147483647;
			files = (
				242BEFB119A906590063F2F2 /* DCTChromeActivity.h in Headers */,
			);
			runOnlyForDeploymentPostprocessing = 0;
		};
/* End PBXHeadersBuildPhase section */

/* Begin PBXNativeTarget section */
		242510B4169D6F0600BAA861 /* DCTChromeActivity */ = {
			isa = PBXNativeTarget;
			buildConfigurationList = 242510C3169D6F0600BAA861 /* Build configuration list for PBXNativeTarget "DCTChromeActivity" */;
			buildPhases = (
				242510B1169D6F0600BAA861 /* Sources */,
				242510B2169D6F0600BAA861 /* Frameworks */,
				242510B3169D6F0600BAA861 /* CopyFiles */,
			);
			buildRules = (
			);
			dependencies = (
				242510D8169D6F5800BAA861 /* PBXTargetDependency */,
			);
			name = DCTChromeActivity;
			productName = DCTSafariActivity;
			productReference = 242510B5169D6F0600BAA861 /* libDCTChromeActivity.a */;
			productType = "com.apple.product-type.library.static";
		};
		242510C9169D6F2500BAA861 /* DCTChromeActivity Bundle */ = {
			isa = PBXNativeTarget;
			buildConfigurationList = 242510D4169D6F2600BAA861 /* Build configuration list for PBXNativeTarget "DCTChromeActivity Bundle" */;
			buildPhases = (
				242510C6169D6F2500BAA861 /* Sources */,
				242510C7169D6F2500BAA861 /* Frameworks */,
				242510C8169D6F2500BAA861 /* Resources */,
			);
			buildRules = (
			);
			dependencies = (
			);
			name = "DCTChromeActivity Bundle";
			productName = DCTSafariActivityBundle;
			productReference = 242510CA169D6F2500BAA861 /* DCTChromeActivity.bundle */;
			productType = "com.apple.product-type.bundle";
		};
		242510E4169D723E00BAA861 /* DCTChromeActivity Demo */ = {
			isa = PBXNativeTarget;
			buildConfigurationList = 242510FE169D723E00BAA861 /* Build configuration list for PBXNativeTarget "DCTChromeActivity Demo" */;
			buildPhases = (
				242510E1169D723E00BAA861 /* Sources */,
				242510E2169D723E00BAA861 /* Frameworks */,
				242510E3169D723E00BAA861 /* Resources */,
				242BEFBB19A9070C0063F2F2 /* Embed Frameworks */,
			);
			buildRules = (
			);
			dependencies = (
				242BEFBA19A9070C0063F2F2 /* PBXTargetDependency */,
			);
			name = "DCTChromeActivity Demo";
			productName = DCTSafariActivityDemo;
			productReference = 242510E5169D723E00BAA861 /* DCTChromeActivity Demo.app */;
			productType = "com.apple.product-type.application";
		};
		242BEF9519A903CE0063F2F2 /* DCTChromeActivity iOS */ = {
			isa = PBXNativeTarget;
			buildConfigurationList = 242BEFA619A903CE0063F2F2 /* Build configuration list for PBXNativeTarget "DCTChromeActivity iOS" */;
			buildPhases = (
				242BEF9119A903CE0063F2F2 /* Sources */,
				242BEF9219A903CE0063F2F2 /* Frameworks */,
				242BEF9319A903CE0063F2F2 /* Headers */,
				242BEF9419A903CE0063F2F2 /* Resources */,
			);
			buildRules = (
			);
			dependencies = (
			);
			name = "DCTChromeActivity iOS";
			productName = "DCTChromeActivity iOS";
			productReference = 242BEF9619A903CE0063F2F2 /* DCTChromeActivity.framework */;
			productType = "com.apple.product-type.framework";
		};
/* End PBXNativeTarget section */

/* Begin PBXProject section */
		242510AC169D6F0600BAA861 /* Project object */ = {
			isa = PBXProject;
			attributes = {
				LastUpgradeCheck = 0450;
				ORGANIZATIONNAME = "Daniel Tull";
				TargetAttributes = {
					242BEF9519A903CE0063F2F2 = {
						CreatedOnToolsVersion = 6.0;
					};
				};
			};
			buildConfigurationList = 242510AF169D6F0600BAA861 /* Build configuration list for PBXProject "DCTChromeActivity" */;
			compatibilityVersion = "Xcode 3.2";
			developmentRegion = English;
			hasScannedForEncodings = 0;
			knownRegions = (
				en,
				fr,
				ja,
				de,
				es,
				it,
				cy,
				ga,
				he,
				da,
			);
			mainGroup = 242510AA169D6F0600BAA861;
			productRefGroup = 242510B6169D6F0600BAA861 /* Products */;
			projectDirPath = "";
			projectRoot = "";
			targets = (
				242510B4169D6F0600BAA861 /* DCTChromeActivity */,
				242BEF9519A903CE0063F2F2 /* DCTChromeActivity iOS */,
				242510C9169D6F2500BAA861 /* DCTChromeActivity Bundle */,
				242510E4169D723E00BAA861 /* DCTChromeActivity Demo */,
			);
		};
/* End PBXProject section */

/* Begin PBXResourcesBuildPhase section */
		242510C8169D6F2500BAA861 /* Resources */ = {
			isa = PBXResourcesBuildPhase;
			buildActionMask = 2147483647;
			files = (
				242510DB169D706A00BAA861 /* DCTChromeActivity~ipad.png in Resources */,
				242510DC169D706A00BAA861 /* DCTChromeActivity~ipad@2x.png in Resources */,
				2425110A169D764300BAA861 /* DCTChromeActivity.png in Resources */,
				2425110B169D764300BAA861 /* DCTChromeActivity@2x.png in Resources */,
				24251110169D7EBA00BAA861 /* Localizable.strings in Resources */,
			);
			runOnlyForDeploymentPostprocessing = 0;
		};
		242510E3169D723E00BAA861 /* Resources */ = {
			isa = PBXResourcesBuildPhase;
			buildActionMask = 2147483647;
			files = (
				24251105169D725B00BAA861 /* ViewController.xib in Resources */,
			);
			runOnlyForDeploymentPostprocessing = 0;
		};
		242BEF9419A903CE0063F2F2 /* Resources */ = {
			isa = PBXResourcesBuildPhase;
			buildActionMask = 2147483647;
			files = (
				242BEFB219A906620063F2F2 /* DCTChromeActivity.png in Resources */,
				242BEFB319A906620063F2F2 /* DCTChromeActivity@2x.png in Resources */,
				242BEFB419A906620063F2F2 /* DCTChromeActivity~ipad.png in Resources */,
				242BEFB519A906620063F2F2 /* DCTChromeActivity~ipad@2x.png in Resources */,
				242BEFB619A906620063F2F2 /* Localizable.strings in Resources */,
			);
			runOnlyForDeploymentPostprocessing = 0;
		};
/* End PBXResourcesBuildPhase section */

/* Begin PBXSourcesBuildPhase section */
		242510B1169D6F0600BAA861 /* Sources */ = {
			isa = PBXSourcesBuildPhase;
			buildActionMask = 2147483647;
			files = (
				242510C0169D6F0600BAA861 /* DCTChromeActivity.m in Sources */,
			);
			runOnlyForDeploymentPostprocessing = 0;
		};
		242510C6169D6F2500BAA861 /* Sources */ = {
			isa = PBXSourcesBuildPhase;
			buildActionMask = 2147483647;
			files = (
			);
			runOnlyForDeploymentPostprocessing = 0;
		};
		242510E1169D723E00BAA861 /* Sources */ = {
			isa = PBXSourcesBuildPhase;
			buildActionMask = 2147483647;
			files = (
				242510F3169D723E00BAA861 /* main.m in Sources */,
				242510F7169D723E00BAA861 /* AppDelegate.m in Sources */,
				24251104169D725B00BAA861 /* ViewController.m in Sources */,
			);
			runOnlyForDeploymentPostprocessing = 0;
		};
		242BEF9119A903CE0063F2F2 /* Sources */ = {
			isa = PBXSourcesBuildPhase;
			buildActionMask = 2147483647;
			files = (
				242BEFB019A906540063F2F2 /* DCTChromeActivity.m in Sources */,
			);
			runOnlyForDeploymentPostprocessing = 0;
		};
/* End PBXSourcesBuildPhase section */

/* Begin PBXTargetDependency section */
		242510D8169D6F5800BAA861 /* PBXTargetDependency */ = {
			isa = PBXTargetDependency;
			target = 242510C9169D6F2500BAA861 /* DCTChromeActivity Bundle */;
			targetProxy = 242510D7169D6F5800BAA861 /* PBXContainerItemProxy */;
		};
		242BEFBA19A9070C0063F2F2 /* PBXTargetDependency */ = {
			isa = PBXTargetDependency;
			target = 242BEF9519A903CE0063F2F2 /* DCTChromeActivity iOS */;
			targetProxy = 242BEFB919A9070C0063F2F2 /* PBXContainerItemProxy */;
		};
/* End PBXTargetDependency section */

/* Begin PBXVariantGroup section */
		24251112169D7EBA00BAA861 /* Localizable.strings */ = {
			isa = PBXVariantGroup;
			children = (
				24251111169D7EBA00BAA861 /* en */,
			);
			name = Localizable.strings;
			sourceTree = "<group>";
		};
/* End PBXVariantGroup section */

/* Begin XCBuildConfiguration section */
		242510C1169D6F0600BAA861 /* Debug */ = {
			isa = XCBuildConfiguration;
			baseConfigurationReference = 242BEF8B19A9039E0063F2F2 /* Debug.xcconfig */;
			buildSettings = {
			};
			name = Debug;
		};
		242510C2169D6F0600BAA861 /* Release */ = {
			isa = XCBuildConfiguration;
			baseConfigurationReference = 242BEF8E19A9039E0063F2F2 /* Release.xcconfig */;
			buildSettings = {
			};
			name = Release;
		};
		242510C4169D6F0600BAA861 /* Debug */ = {
			isa = XCBuildConfiguration;
			baseConfigurationReference = 242BEF8D19A9039E0063F2F2 /* Library.xcconfig */;
			buildSettings = {
			};
			name = Debug;
		};
		242510C5169D6F0600BAA861 /* Release */ = {
			isa = XCBuildConfiguration;
			baseConfigurationReference = 242BEF8D19A9039E0063F2F2 /* Library.xcconfig */;
			buildSettings = {
			};
			name = Release;
		};
		242510D5169D6F2600BAA861 /* Debug */ = {
			isa = XCBuildConfiguration;
			baseConfigurationReference = 242BEF8A19A9039E0063F2F2 /* Bundle.xcconfig */;
			buildSettings = {
				PRODUCT_NAME = DCTChromeActivity;
			};
			name = Debug;
		};
		242510D6169D6F2600BAA861 /* Release */ = {
			isa = XCBuildConfiguration;
			baseConfigurationReference = 242BEF8A19A9039E0063F2F2 /* Bundle.xcconfig */;
			buildSettings = {
				PRODUCT_NAME = DCTChromeActivity;
			};
			name = Release;
		};
		242510FF169D723E00BAA861 /* Debug */ = {
			isa = XCBuildConfiguration;
			baseConfigurationReference = 242BEF8919A9039E0063F2F2 /* Application.xcconfig */;
			buildSettings = {
				LD_RUNPATH_SEARCH_PATHS = "$(inherited) @executable_path/Frameworks";
			};
			name = Debug;
		};
		24251100169D723E00BAA861 /* Release */ = {
			isa = XCBuildConfiguration;
			baseConfigurationReference = 242BEF8919A9039E0063F2F2 /* Application.xcconfig */;
			buildSettings = {
				LD_RUNPATH_SEARCH_PATHS = "$(inherited) @executable_path/Frameworks";
			};
			name = Release;
		};
		242BEFA719A903CE0063F2F2 /* Debug */ = {
			isa = XCBuildConfiguration;
			baseConfigurationReference = 242BEF8C19A9039E0063F2F2 /* iOS Framework.xcconfig */;
			buildSettings = {
				APPLICATION_EXTENSION_API_ONLY = NO;
				CURRENT_PROJECT_VERSION = 1;
				DYLIB_COMPATIBILITY_VERSION = 1;
				DYLIB_CURRENT_VERSION = 1;
				IPHONEOS_DEPLOYMENT_TARGET = 8.0;
				PRODUCT_NAME = DCTChromeActivity;
			};
			name = Debug;
		};
		242BEFA819A903CE0063F2F2 /* Release */ = {
			isa = XCBuildConfiguration;
			baseConfigurationReference = 242BEF8C19A9039E0063F2F2 /* iOS Framework.xcconfig */;
			buildSettings = {
				APPLICATION_EXTENSION_API_ONLY = NO;
				CURRENT_PROJECT_VERSION = 1;
				DYLIB_COMPATIBILITY_VERSION = 1;
				DYLIB_CURRENT_VERSION = 1;
				IPHONEOS_DEPLOYMENT_TARGET = 8.0;
				PRODUCT_NAME = DCTChromeActivity;
			};
			name = Release;
		};
/* End XCBuildConfiguration section */

/* Begin XCConfigurationList section */
		242510AF169D6F0600BAA861 /* Build configuration list for PBXProject "DCTChromeActivity" */ = {
			isa = XCConfigurationList;
			buildConfigurations = (
				242510C1169D6F0600BAA861 /* Debug */,
				242510C2169D6F0600BAA861 /* Release */,
			);
			defaultConfigurationIsVisible = 0;
			defaultConfigurationName = Release;
		};
		242510C3169D6F0600BAA861 /* Build configuration list for PBXNativeTarget "DCTChromeActivity" */ = {
			isa = XCConfigurationList;
			buildConfigurations = (
				242510C4169D6F0600BAA861 /* Debug */,
				242510C5169D6F0600BAA861 /* Release */,
			);
			defaultConfigurationIsVisible = 0;
			defaultConfigurationName = Release;
		};
		242510D4169D6F2600BAA861 /* Build configuration list for PBXNativeTarget "DCTChromeActivity Bundle" */ = {
			isa = XCConfigurationList;
			buildConfigurations = (
				242510D5169D6F2600BAA861 /* Debug */,
				242510D6169D6F2600BAA861 /* Release */,
			);
			defaultConfigurationIsVisible = 0;
			defaultConfigurationName = Release;
		};
		242510FE169D723E00BAA861 /* Build configuration list for PBXNativeTarget "DCTChromeActivity Demo" */ = {
			isa = XCConfigurationList;
			buildConfigurations = (
				242510FF169D723E00BAA861 /* Debug */,
				24251100169D723E00BAA861 /* Release */,
			);
			defaultConfigurationIsVisible = 0;
			defaultConfigurationName = Release;
		};
		242BEFA619A903CE0063F2F2 /* Build configuration list for PBXNativeTarget "DCTChromeActivity iOS" */ = {
			isa = XCConfigurationList;
			buildConfigurations = (
				242BEFA719A903CE0063F2F2 /* Debug */,
				242BEFA819A903CE0063F2F2 /* Release */,
			);
			defaultConfigurationIsVisible = 0;
		};
/* End XCConfigurationList section */
	};
	rootObject = 242510AC169D6F0600BAA861 /* Project object */;
}
